// !$*UTF8*$!
{
	archiveVersion = 1;
	classes = {
	};
	objectVersion = 50;
	objects = {

/* Begin PBXBuildFile section */
		243FE23826AEAD710056FA3D /* SeatCollectionViewCell.swift in Sources */ = {isa = PBXBuildFile; fileRef = 243FE23726AEAD710056FA3D /* SeatCollectionViewCell.swift */; };
		243FE23A26AEF6850056FA3D /* CustomerInformationViewController.swift in Sources */ = {isa = PBXBuildFile; fileRef = 243FE23926AEF6850056FA3D /* CustomerInformationViewController.swift */; };
		24D4086326A8954900D04668 /* AppDelegate.swift in Sources */ = {isa = PBXBuildFile; fileRef = 24D4086226A8954900D04668 /* AppDelegate.swift */; };
		24D4086526A8954900D04668 /* SceneDelegate.swift in Sources */ = {isa = PBXBuildFile; fileRef = 24D4086426A8954900D04668 /* SceneDelegate.swift */; };
		24D4086726A8954900D04668 /* ViewController.swift in Sources */ = {isa = PBXBuildFile; fileRef = 24D4086626A8954900D04668 /* ViewController.swift */; };
		24D4086A26A8954900D04668 /* Main.storyboard in Resources */ = {isa = PBXBuildFile; fileRef = 24D4086826A8954900D04668 /* Main.storyboard */; };
		24D4086D26A8954900D04668 /* BusTicketApp.xcdatamodeld in Sources */ = {isa = PBXBuildFile; fileRef = 24D4086B26A8954900D04668 /* BusTicketApp.xcdatamodeld */; };
		24D4086F26A8954B00D04668 /* Assets.xcassets in Resources */ = {isa = PBXBuildFile; fileRef = 24D4086E26A8954B00D04668 /* Assets.xcassets */; };
		24D4087226A8954B00D04668 /* LaunchScreen.storyboard in Resources */ = {isa = PBXBuildFile; fileRef = 24D4087026A8954B00D04668 /* LaunchScreen.storyboard */; };
		24D4087D26A8954B00D04668 /* BusTicketAppTests.swift in Sources */ = {isa = PBXBuildFile; fileRef = 24D4087C26A8954B00D04668 /* BusTicketAppTests.swift */; };
		24D4088826A8954B00D04668 /* BusTicketAppUITests.swift in Sources */ = {isa = PBXBuildFile; fileRef = 24D4088726A8954B00D04668 /* BusTicketAppUITests.swift */; };
/* End PBXBuildFile section */

/* Begin PBXContainerItemProxy section */
		24D4087926A8954B00D04668 /* PBXContainerItemProxy */ = {
			isa = PBXContainerItemProxy;
			containerPortal = 24D4085726A8954900D04668 /* Project object */;
			proxyType = 1;
			remoteGlobalIDString = 24D4085E26A8954900D04668;
			remoteInfo = BusTicketApp;
		};
		24D4088426A8954B00D04668 /* PBXContainerItemProxy */ = {
			isa = PBXContainerItemProxy;
			containerPortal = 24D4085726A8954900D04668 /* Project object */;
			proxyType = 1;
			remoteGlobalIDString = 24D4085E26A8954900D04668;
			remoteInfo = BusTicketApp;
		};
/* End PBXContainerItemProxy section */

/* Begin PBXFileReference section */
		243FE23726AEAD710056FA3D /* SeatCollectionViewCell.swift */ = {isa = PBXFileReference; lastKnownFileType = sourcecode.swift; path = SeatCollectionViewCell.swift; sourceTree = "<group>"; };
		243FE23926AEF6850056FA3D /* CustomerInformationViewController.swift */ = {isa = PBXFileReference; lastKnownFileType = sourcecode.swift; path = CustomerInformationViewController.swift; sourceTree = "<group>"; };
		24D4085F26A8954900D04668 /* BusTicketApp.app */ = {isa = PBXFileReference; explicitFileType = wrapper.application; includeInIndex = 0; path = BusTicketApp.app; sourceTree = BUILT_PRODUCTS_DIR; };
		24D4086226A8954900D04668 /* AppDelegate.swift */ = {isa = PBXFileReference; lastKnownFileType = sourcecode.swift; path = AppDelegate.swift; sourceTree = "<group>"; };
		24D4086426A8954900D04668 /* SceneDelegate.swift */ = {isa = PBXFileReference; lastKnownFileType = sourcecode.swift; path = SceneDelegate.swift; sourceTree = "<group>"; };
		24D4086626A8954900D04668 /* ViewController.swift */ = {isa = PBXFileReference; lastKnownFileType = sourcecode.swift; path = ViewController.swift; sourceTree = "<group>"; };
		24D4086926A8954900D04668 /* Base */ = {isa = PBXFileReference; lastKnownFileType = file.storyboard; name = Base; path = Base.lproj/Main.storyboard; sourceTree = "<group>"; };
		24D4086C26A8954900D04668 /* BusTicketApp.xcdatamodel */ = {isa = PBXFileReference; lastKnownFileType = wrapper.xcdatamodel; path = BusTicketApp.xcdatamodel; sourceTree = "<group>"; };
		24D4086E26A8954B00D04668 /* Assets.xcassets */ = {isa = PBXFileReference; lastKnownFileType = folder.assetcatalog; path = Assets.xcassets; sourceTree = "<group>"; };
		24D4087126A8954B00D04668 /* Base */ = {isa = PBXFileReference; lastKnownFileType = file.storyboard; name = Base; path = Base.lproj/LaunchScreen.storyboard; sourceTree = "<group>"; };
		24D4087326A8954B00D04668 /* Info.plist */ = {isa = PBXFileReference; lastKnownFileType = text.plist.xml; path = Info.plist; sourceTree = "<group>"; };
		24D4087826A8954B00D04668 /* BusTicketAppTests.xctest */ = {isa = PBXFileReference; explicitFileType = wrapper.cfbundle; includeInIndex = 0; path = BusTicketAppTests.xctest; sourceTree = BUILT_PRODUCTS_DIR; };
		24D4087C26A8954B00D04668 /* BusTicketAppTests.swift */ = {isa = PBXFileReference; lastKnownFileType = sourcecode.swift; path = BusTicketAppTests.swift; sourceTree = "<group>"; };
		24D4087E26A8954B00D04668 /* Info.plist */ = {isa = PBXFileReference; lastKnownFileType = text.plist.xml; path = Info.plist; sourceTree = "<group>"; };
		24D4088326A8954B00D04668 /* BusTicketAppUITests.xctest */ = {isa = PBXFileReference; explicitFileType = wrapper.cfbundle; includeInIndex = 0; path = BusTicketAppUITests.xctest; sourceTree = BUILT_PRODUCTS_DIR; };
		24D4088726A8954B00D04668 /* BusTicketAppUITests.swift */ = {isa = PBXFileReference; lastKnownFileType = sourcecode.swift; path = BusTicketAppUITests.swift; sourceTree = "<group>"; };
		24D4088926A8954B00D04668 /* Info.plist */ = {isa = PBXFileReference; lastKnownFileType = text.plist.xml; path = Info.plist; sourceTree = "<group>"; };
/* End PBXFileReference section */

/* Begin PBXFrameworksBuildPhase section */
		24D4085C26A8954900D04668 /* Frameworks */ = {
			isa = PBXFrameworksBuildPhase;
			buildActionMask = 2147483647;
			files = (
			);
			runOnlyForDeploymentPostprocessing = 0;
		};
		24D4087526A8954B00D04668 /* Frameworks */ = {
			isa = PBXFrameworksBuildPhase;
			buildActionMask = 2147483647;
			files = (
			);
			runOnlyForDeploymentPostprocessing = 0;
		};
		24D4088026A8954B00D04668 /* Frameworks */ = {
			isa = PBXFrameworksBuildPhase;
			buildActionMask = 2147483647;
			files = (
			);
			runOnlyForDeploymentPostprocessing = 0;
		};
/* End PBXFrameworksBuildPhase section */

/* Begin PBXGroup section */
		24D4085626A8954900D04668 = {
			isa = PBXGroup;
			children = (
				24D4086126A8954900D04668 /* BusTicketApp */,
				24D4087B26A8954B00D04668 /* BusTicketAppTests */,
				24D4088626A8954B00D04668 /* BusTicketAppUITests */,
				24D4086026A8954900D04668 /* Products */,
			);
			sourceTree = "<group>";
		};
		24D4086026A8954900D04668 /* Products */ = {
			isa = PBXGroup;
			children = (
				24D4085F26A8954900D04668 /* BusTicketApp.app */,
				24D4087826A8954B00D04668 /* BusTicketAppTests.xctest */,
				24D4088326A8954B00D04668 /* BusTicketAppUITests.xctest */,
			);
			name = Products;
			sourceTree = "<group>";
		};
		24D4086126A8954900D04668 /* BusTicketApp */ = {
			isa = PBXGroup;
			children = (
				24D4086226A8954900D04668 /* AppDelegate.swift */,
				24D4086426A8954900D04668 /* SceneDelegate.swift */,
				24D4086626A8954900D04668 /* ViewController.swift */,
				243FE23726AEAD710056FA3D /* SeatCollectionViewCell.swift */,
				243FE23926AEF6850056FA3D /* CustomerInformationViewController.swift */,
				24D4086826A8954900D04668 /* Main.storyboard */,
				24D4086E26A8954B00D04668 /* Assets.xcassets */,
				24D4087026A8954B00D04668 /* LaunchScreen.storyboard */,
				24D4087326A8954B00D04668 /* Info.plist */,
				24D4086B26A8954900D04668 /* BusTicketApp.xcdatamodeld */,
			);
			path = BusTicketApp;
			sourceTree = "<group>";
		};
		24D4087B26A8954B00D04668 /* BusTicketAppTests */ = {
			isa = PBXGroup;
			children = (
				24D4087C26A8954B00D04668 /* BusTicketAppTests.swift */,
				24D4087E26A8954B00D04668 /* Info.plist */,
			);
			path = BusTicketAppTests;
			sourceTree = "<group>";
		};
		24D4088626A8954B00D04668 /* BusTicketAppUITests */ = {
			isa = PBXGroup;
			children = (
				24D4088726A8954B00D04668 /* BusTicketAppUITests.swift */,
				24D4088926A8954B00D04668 /* Info.plist */,
			);
			path = BusTicketAppUITests;
			sourceTree = "<group>";
		};
/* End PBXGroup section */

/* Begin PBXNativeTarget section */
		24D4085E26A8954900D04668 /* BusTicketApp */ = {
			isa = PBXNativeTarget;
			buildConfigurationList = 24D4088C26A8954B00D04668 /* Build configuration list for PBXNativeTarget "BusTicketApp" */;
			buildPhases = (
				24D4085B26A8954900D04668 /* Sources */,
				24D4085C26A8954900D04668 /* Frameworks */,
				24D4085D26A8954900D04668 /* Resources */,
			);
			buildRules = (
			);
			dependencies = (
			);
			name = BusTicketApp;
			productName = BusTicketApp;
			productReference = 24D4085F26A8954900D04668 /* BusTicketApp.app */;
			productType = "com.apple.product-type.application";
		};
		24D4087726A8954B00D04668 /* BusTicketAppTests */ = {
			isa = PBXNativeTarget;
			buildConfigurationList = 24D4088F26A8954B00D04668 /* Build configuration list for PBXNativeTarget "BusTicketAppTests" */;
			buildPhases = (
				24D4087426A8954B00D04668 /* Sources */,
				24D4087526A8954B00D04668 /* Frameworks */,
				24D4087626A8954B00D04668 /* Resources */,
			);
			buildRules = (
			);
			dependencies = (
				24D4087A26A8954B00D04668 /* PBXTargetDependency */,
			);
			name = BusTicketAppTests;
			productName = BusTicketAppTests;
			productReference = 24D4087826A8954B00D04668 /* BusTicketAppTests.xctest */;
			productType = "com.apple.product-type.bundle.unit-test";
		};
		24D4088226A8954B00D04668 /* BusTicketAppUITests */ = {
			isa = PBXNativeTarget;
			buildConfigurationList = 24D4089226A8954B00D04668 /* Build configuration list for PBXNativeTarget "BusTicketAppUITests" */;
			buildPhases = (
				24D4087F26A8954B00D04668 /* Sources */,
				24D4088026A8954B00D04668 /* Frameworks */,
				24D4088126A8954B00D04668 /* Resources */,
			);
			buildRules = (
			);
			dependencies = (
				24D4088526A8954B00D04668 /* PBXTargetDependency */,
			);
			name = BusTicketAppUITests;
			productName = BusTicketAppUITests;
			productReference = 24D4088326A8954B00D04668 /* BusTicketAppUITests.xctest */;
			productType = "com.apple.product-type.bundle.ui-testing";
		};
/* End PBXNativeTarget section */

/* Begin PBXProject section */
		24D4085726A8954900D04668 /* Project object */ = {
			isa = PBXProject;
			attributes = {
				LastSwiftUpdateCheck = 1250;
				LastUpgradeCheck = 1250;
				TargetAttributes = {
					24D4085E26A8954900D04668 = {
						CreatedOnToolsVersion = 12.5.1;
					};
					24D4087726A8954B00D04668 = {
						CreatedOnToolsVersion = 12.5.1;
						TestTargetID = 24D4085E26A8954900D04668;
					};
					24D4088226A8954B00D04668 = {
						CreatedOnToolsVersion = 12.5.1;
						TestTargetID = 24D4085E26A8954900D04668;
					};
				};
			};
			buildConfigurationList = 24D4085A26A8954900D04668 /* Build configuration list for PBXProject "BusTicketApp" */;
			compatibilityVersion = "Xcode 9.3";
			developmentRegion = en;
			hasScannedForEncodings = 0;
			knownRegions = (
				en,
				Base,
			);
			mainGroup = 24D4085626A8954900D04668;
			productRefGroup = 24D4086026A8954900D04668 /* Products */;
			projectDirPath = "";
			projectRoot = "";
			targets = (
				24D4085E26A8954900D04668 /* BusTicketApp */,
				24D4087726A8954B00D04668 /* BusTicketAppTests */,
				24D4088226A8954B00D04668 /* BusTicketAppUITests */,
			);
		};
/* End PBXProject section */

/* Begin PBXResourcesBuildPhase section */
		24D4085D26A8954900D04668 /* Resources */ = {
			isa = PBXResourcesBuildPhase;
			buildActionMask = 2147483647;
			files = (
				24D4087226A8954B00D04668 /* LaunchScreen.storyboard in Resources */,
				24D4086F26A8954B00D04668 /* Assets.xcassets in Resources */,
				24D4086A26A8954900D04668 /* Main.storyboard in Resources */,
			);
			runOnlyForDeploymentPostprocessing = 0;
		};
		24D4087626A8954B00D04668 /* Resources */ = {
			isa = PBXResourcesBuildPhase;
			buildActionMask = 2147483647;
			files = (
			);
			runOnlyForDeploymentPostprocessing = 0;
		};
		24D4088126A8954B00D04668 /* Resources */ = {
			isa = PBXResourcesBuildPhase;
			buildActionMask = 2147483647;
			files = (
			);
			runOnlyForDeploymentPostprocessing = 0;
		};
/* End PBXResourcesBuildPhase section */

/* Begin PBXSourcesBuildPhase section */
		24D4085B26A8954900D04668 /* Sources */ = {
			isa = PBXSourcesBuildPhase;
			buildActionMask = 2147483647;
			files = (
				243FE23826AEAD710056FA3D /* SeatCollectionViewCell.swift in Sources */,
				243FE23A26AEF6850056FA3D /* CustomerInformationViewController.swift in Sources */,
				24D4086D26A8954900D04668 /* BusTicketApp.xcdatamodeld in Sources */,
				24D4086726A8954900D04668 /* ViewController.swift in Sources */,
				24D4086326A8954900D04668 /* AppDelegate.swift in Sources */,
				24D4086526A8954900D04668 /* SceneDelegate.swift in Sources */,
			);
			runOnlyForDeploymentPostprocessing = 0;
		};
		24D4087426A8954B00D04668 /* Sources */ = {
			isa = PBXSourcesBuildPhase;
			buildActionMask = 2147483647;
			files = (
				24D4087D26A8954B00D04668 /* BusTicketAppTests.swift in Sources */,
			);
			runOnlyForDeploymentPostprocessing = 0;
		};
		24D4087F26A8954B00D04668 /* Sources */ = {
			isa = PBXSourcesBuildPhase;
			buildActionMask = 2147483647;
			files = (
				24D4088826A8954B00D04668 /* BusTicketAppUITests.swift in Sources */,
			);
			runOnlyForDeploymentPostprocessing = 0;
		};
/* End PBXSourcesBuildPhase section */

/* Begin PBXTargetDependency section */
		24D4087A26A8954B00D04668 /* PBXTargetDependency */ = {
			isa = PBXTargetDependency;
			target = 24D4085E26A8954900D04668 /* BusTicketApp */;
			targetProxy = 24D4087926A8954B00D04668 /* PBXContainerItemProxy */;
		};
		24D4088526A8954B00D04668 /* PBXTargetDependency */ = {
			isa = PBXTargetDependency;
			target = 24D4085E26A8954900D04668 /* BusTicketApp */;
			targetProxy = 24D4088426A8954B00D04668 /* PBXContainerItemProxy */;
		};
/* End PBXTargetDependency section */

/* Begin PBXVariantGroup section */
		24D4086826A8954900D04668 /* Main.storyboard */ = {
			isa = PBXVariantGroup;
			children = (
				24D4086926A8954900D04668 /* Base */,
			);
			name = Main.storyboard;
			sourceTree = "<group>";
		};
		24D4087026A8954B00D04668 /* LaunchScreen.storyboard */ = {
			isa = PBXVariantGroup;
			children = (
				24D4087126A8954B00D04668 /* Base */,
			);
			name = LaunchScreen.storyboard;
			sourceTree = "<group>";
		};
/* End PBXVariantGroup section */

/* Begin XCBuildConfiguration section */
		24D4088A26A8954B00D04668 /* Debug */ = {
			isa = XCBuildConfiguration;
			buildSettings = {
				ALWAYS_SEARCH_USER_PATHS = NO;
				CLANG_ANALYZER_NONNULL = YES;
				CLANG_ANALYZER_NUMBER_OBJECT_CONVERSION = YES_AGGRESSIVE;
				CLANG_CXX_LANGUAGE_STANDARD = "gnu++14";
				CLANG_CXX_LIBRARY = "libc++";
				CLANG_ENABLE_MODULES = YES;
				CLANG_ENABLE_OBJC_ARC = YES;
				CLANG_ENABLE_OBJC_WEAK = YES;
				CLANG_WARN_BLOCK_CAPTURE_AUTORELEASING = YES;
				CLANG_WARN_BOOL_CONVERSION = YES;
				CLANG_WARN_COMMA = YES;
				CLANG_WARN_CONSTANT_CONVERSION = YES;
				CLANG_WARN_DEPRECATED_OBJC_IMPLEMENTATIONS = YES;
				CLANG_WARN_DIRECT_OBJC_ISA_USAGE = YES_ERROR;
				CLANG_WARN_DOCUMENTATION_COMMENTS = YES;
				CLANG_WARN_EMPTY_BODY = YES;
				CLANG_WARN_ENUM_CONVERSION = YES;
				CLANG_WARN_INFINITE_RECURSION = YES;
				CLANG_WARN_INT_CONVERSION = YES;
				CLANG_WARN_NON_LITERAL_NULL_CONVERSION = YES;
				CLANG_WARN_OBJC_IMPLICIT_RETAIN_SELF = YES;
				CLANG_WARN_OBJC_LITERAL_CONVERSION = YES;
				CLANG_WARN_OBJC_ROOT_CLASS = YES_ERROR;
				CLANG_WARN_QUOTED_INCLUDE_IN_FRAMEWORK_HEADER = YES;
				CLANG_WARN_RANGE_LOOP_ANALYSIS = YES;
				CLANG_WARN_STRICT_PROTOTYPES = YES;
				CLANG_WARN_SUSPICIOUS_MOVE = YES;
				CLANG_WARN_UNGUARDED_AVAILABILITY = YES_AGGRESSIVE;
				CLANG_WARN_UNREACHABLE_CODE = YES;
				CLANG_WARN__DUPLICATE_METHOD_MATCH = YES;
				COPY_PHASE_STRIP = NO;
				DEBUG_INFORMATION_FORMAT = dwarf;
				ENABLE_STRICT_OBJC_MSGSEND = YES;
				ENABLE_TESTABILITY = YES;
				GCC_C_LANGUAGE_STANDARD = gnu11;
				GCC_DYNAMIC_NO_PIC = NO;
				GCC_NO_COMMON_BLOCKS = YES;
				GCC_OPTIMIZATION_LEVEL = 0;
				GCC_PREPROCESSOR_DEFINITIONS = (
					"DEBUG=1",
					"$(inherited)",
				);
				GCC_WARN_64_TO_32_BIT_CONVERSION = YES;
				GCC_WARN_ABOUT_RETURN_TYPE = YES_ERROR;
				GCC_WARN_UNDECLARED_SELECTOR = YES;
				GCC_WARN_UNINITIALIZED_AUTOS = YES_AGGRESSIVE;
				GCC_WARN_UNUSED_FUNCTION = YES;
				GCC_WARN_UNUSED_VARIABLE = YES;
				IPHONEOS_DEPLOYMENT_TARGET = 14.5;
				MTL_ENABLE_DEBUG_INFO = INCLUDE_SOURCE;
				MTL_FAST_MATH = YES;
				ONLY_ACTIVE_ARCH = YES;
				SDKROOT = iphoneos;
				SWIFT_ACTIVE_COMPILATION_CONDITIONS = DEBUG;
				SWIFT_OPTIMIZATION_LEVEL = "-Onone";
			};
			name = Debug;
		};
		24D4088B26A8954B00D04668 /* Release */ = {
			isa = XCBuildConfiguration;
			buildSettings = {
				ALWAYS_SEARCH_USER_PATHS = NO;
				CLANG_ANALYZER_NONNULL = YES;
				CLANG_ANALYZER_NUMBER_OBJECT_CONVERSION = YES_AGGRESSIVE;
				CLANG_CXX_LANGUAGE_STANDARD = "gnu++14";
				CLANG_CXX_LIBRARY = "libc++";
				CLANG_ENABLE_MODULES = YES;
				CLANG_ENABLE_OBJC_ARC = YES;
				CLANG_ENABLE_OBJC_WEAK = YES;
				CLANG_WARN_BLOCK_CAPTURE_AUTORELEASING = YES;
				CLANG_WARN_BOOL_CONVERSION = YES;
				CLANG_WARN_COMMA = YES;
				CLANG_WARN_CONSTANT_CONVERSION = YES;
				CLANG_WARN_DEPRECATED_OBJC_IMPLEMENTATIONS = YES;
				CLANG_WARN_DIRECT_OBJC_ISA_USAGE = YES_ERROR;
				CLANG_WARN_DOCUMENTATION_COMMENTS = YES;
				CLANG_WARN_EMPTY_BODY = YES;
				CLANG_WARN_ENUM_CONVERSION = YES;
				CLANG_WARN_INFINITE_RECURSION = YES;
				CLANG_WARN_INT_CONVERSION = YES;
				CLANG_WARN_NON_LITERAL_NULL_CONVERSION = YES;
				CLANG_WARN_OBJC_IMPLICIT_RETAIN_SELF = YES;
				CLANG_WARN_OBJC_LITERAL_CONVERSION = YES;
				CLANG_WARN_OBJC_ROOT_CLASS = YES_ERROR;
				CLANG_WARN_QUOTED_INCLUDE_IN_FRAMEWORK_HEADER = YES;
				CLANG_WARN_RANGE_LOOP_ANALYSIS = YES;
				CLANG_WARN_STRICT_PROTOTYPES = YES;
				CLANG_WARN_SUSPICIOUS_MOVE = YES;
				CLANG_WARN_UNGUARDED_AVAILABILITY = YES_AGGRESSIVE;
				CLANG_WARN_UNREACHABLE_CODE = YES;
				CLANG_WARN__DUPLICATE_METHOD_MATCH = YES;
				COPY_PHASE_STRIP = NO;
				DEBUG_INFORMATION_FORMAT = "dwarf-with-dsym";
				ENABLE_NS_ASSERTIONS = NO;
				ENABLE_STRICT_OBJC_MSGSEND = YES;
				GCC_C_LANGUAGE_STANDARD = gnu11;
				GCC_NO_COMMON_BLOCKS = YES;
				GCC_WARN_64_TO_32_BIT_CONVERSION = YES;
				GCC_WARN_ABOUT_RETURN_TYPE = YES_ERROR;
				GCC_WARN_UNDECLARED_SELECTOR = YES;
				GCC_WARN_UNINITIALIZED_AUTOS = YES_AGGRESSIVE;
				GCC_WARN_UNUSED_FUNCTION = YES;
				GCC_WARN_UNUSED_VARIABLE = YES;
				IPHONEOS_DEPLOYMENT_TARGET = 14.5;
				MTL_ENABLE_DEBUG_INFO = NO;
				MTL_FAST_MATH = YES;
				SDKROOT = iphoneos;
				SWIFT_COMPILATION_MODE = wholemodule;
				SWIFT_OPTIMIZATION_LEVEL = "-O";
				VALIDATE_PRODUCT = YES;
			};
			name = Release;
		};
		24D4088D26A8954B00D04668 /* Debug */ = {
			isa = XCBuildConfiguration;
			buildSettings = {
				ASSETCATALOG_COMPILER_APPICON_NAME = AppIcon;
				ASSETCATALOG_COMPILER_GLOBAL_ACCENT_COLOR_NAME = AccentColor;
				CODE_SIGN_STYLE = Automatic;
				DEVELOPMENT_TEAM = FLUF4SMKRR;
				INFOPLIST_FILE = BusTicketApp/Info.plist;
				LD_RUNPATH_SEARCH_PATHS = (
					"$(inherited)",
					"@executable_path/Frameworks",
				);
				PRODUCT_BUNDLE_IDENTIFIER = aysenurbakirci.BusTicketApp;
				PRODUCT_NAME = "$(TARGET_NAME)";
				SWIFT_VERSION = 5.0;
				TARGETED_DEVICE_FAMILY = "1,2";
			};
			name = Debug;
		};
		24D4088E26A8954B00D04668 /* Release */ = {
			isa = XCBuildConfiguration;
			buildSettings = {
				ASSETCATALOG_COMPILER_APPICON_NAME = AppIcon;
				ASSETCATALOG_COMPILER_GLOBAL_ACCENT_COLOR_NAME = AccentColor;
				CODE_SIGN_STYLE = Automatic;
				DEVELOPMENT_TEAM = FLUF4SMKRR;
				INFOPLIST_FILE = BusTicketApp/Info.plist;
				LD_RUNPATH_SEARCH_PATHS = (
					"$(inherited)",
					"@executable_path/Frameworks",
				);
				PRODUCT_BUNDLE_IDENTIFIER = aysenurbakirci.BusTicketApp;
				PRODUCT_NAME = "$(TARGET_NAME)";
				SWIFT_VERSION = 5.0;
				TARGETED_DEVICE_FAMILY = "1,2";
			};
			name = Release;
		};
		24D4089026A8954B00D04668 /* Debug */ = {
			isa = XCBuildConfiguration;
			buildSettings = {
				ALWAYS_EMBED_SWIFT_STANDARD_LIBRARIES = YES;
				BUNDLE_LOADER = "$(TEST_HOST)";
				CODE_SIGN_STYLE = Automatic;
				DEVELOPMENT_TEAM = FLUF4SMKRR;
				INFOPLIST_FILE = BusTicketAppTests/Info.plist;
				IPHONEOS_DEPLOYMENT_TARGET = 14.5;
				LD_RUNPATH_SEARCH_PATHS = (
					"$(inherited)",
					"@executable_path/Frameworks",
					"@loader_path/Frameworks",
				);
				PRODUCT_BUNDLE_IDENTIFIER = aysenurbakirci.BusTicketAppTests;
				PRODUCT_NAME = "$(TARGET_NAME)";
				SWIFT_VERSION = 5.0;
				TARGETED_DEVICE_FAMILY = "1,2";
				TEST_HOST = "$(BUILT_PRODUCTS_DIR)/BusTicketApp.app/BusTicketApp";
			};
			name = Debug;
		};
		24D4089126A8954B00D04668 /* Release */ = {
			isa = XCBuildConfiguration;
			buildSettings = {
				ALWAYS_EMBED_SWIFT_STANDARD_LIBRARIES = YES;
				BUNDLE_LOADER = "$(TEST_HOST)";
				CODE_SIGN_STYLE = Automatic;
				DEVELOPMENT_TEAM = FLUF4SMKRR;
				INFOPLIST_FILE = BusTicketAppTests/Info.plist;
				IPHONEOS_DEPLOYMENT_TARGET = 14.5;
				LD_RUNPATH_SEARCH_PATHS = (
					"$(inherited)",
					"@executable_path/Frameworks",
					"@loader_path/Frameworks",
				);
				PRODUCT_BUNDLE_IDENTIFIER = aysenurbakirci.BusTicketAppTests;
				PRODUCT_NAME = "$(TARGET_NAME)";
				SWIFT_VERSION = 5.0;
				TARGETED_DEVICE_FAMILY = "1,2";
				TEST_HOST = "$(BUILT_PRODUCTS_DIR)/BusTicketApp.app/BusTicketApp";
			};
			name = Release;
		};
		24D4089326A8954B00D04668 /* Debug */ = {
			isa = XCBuildConfiguration;
			buildSettings = {
				ALWAYS_EMBED_SWIFT_STANDARD_LIBRARIES = YES;
				CODE_SIGN_STYLE = Automatic;
				DEVELOPMENT_TEAM = FLUF4SMKRR;
				INFOPLIST_FILE = BusTicketAppUITests/Info.plist;
				LD_RUNPATH_SEARCH_PATHS = (
					"$(inherited)",
					"@executable_path/Frameworks",
					"@loader_path/Frameworks",
				);
				PRODUCT_BUNDLE_IDENTIFIER = aysenurbakirci.BusTicketAppUITests;
				PRODUCT_NAME = "$(TARGET_NAME)";
				SWIFT_VERSION = 5.0;
				TARGETED_DEVICE_FAMILY = "1,2";
				TEST_TARGET_NAME = BusTicketApp;
			};
			name = Debug;
		};
		24D4089426A8954B00D04668 /* Release */ = {
			isa = XCBuildConfiguration;
			buildSettings = {
				ALWAYS_EMBED_SWIFT_STANDARD_LIBRARIES = YES;
				CODE_SIGN_STYLE = Automatic;
				DEVELOPMENT_TEAM = FLUF4SMKRR;
				INFOPLIST_FILE = BusTicketAppUITests/Info.plist;
				LD_RUNPATH_SEARCH_PATHS = (
					"$(inherited)",
					"@executable_path/Frameworks",
					"@loader_path/Frameworks",
				);
				PRODUCT_BUNDLE_IDENTIFIER = aysenurbakirci.BusTicketAppUITests;
				PRODUCT_NAME = "$(TARGET_NAME)";
				SWIFT_VERSION = 5.0;
				TARGETED_DEVICE_FAMILY = "1,2";
				TEST_TARGET_NAME = BusTicketApp;
			};
			name = Release;
		};
/* End XCBuildConfiguration section */

/* Begin XCConfigurationList section */
		24D4085A26A8954900D04668 /* Build configuration list for PBXProject "BusTicketApp" */ = {
			isa = XCConfigurationList;
			buildConfigurations = (
				24D4088A26A8954B00D04668 /* Debug */,
				24D4088B26A8954B00D04668 /* Release */,
			);
			defaultConfigurationIsVisible = 0;
			defaultConfigurationName = Release;
		};
		24D4088C26A8954B00D04668 /* Build configuration list for PBXNativeTarget "BusTicketApp" */ = {
			isa = XCConfigurationList;
			buildConfigurations = (
				24D4088D26A8954B00D04668 /* Debug */,
				24D4088E26A8954B00D04668 /* Release */,
			);
			defaultConfigurationIsVisible = 0;
			defaultConfigurationName = Release;
		};
		24D4088F26A8954B00D04668 /* Build configuration list for PBXNativeTarget "BusTicketAppTests" */ = {
			isa = XCConfigurationList;
			buildConfigurations = (
				24D4089026A8954B00D04668 /* Debug */,
				24D4089126A8954B00D04668 /* Release */,
			);
			defaultConfigurationIsVisible = 0;
			defaultConfigurationName = Release;
		};
		24D4089226A8954B00D04668 /* Build configuration list for PBXNativeTarget "BusTicketAppUITests" */ = {
			isa = XCConfigurationList;
			buildConfigurations = (
				24D4089326A8954B00D04668 /* Debug */,
				24D4089426A8954B00D04668 /* Release */,
			);
			defaultConfigurationIsVisible = 0;
			defaultConfigurationName = Release;
		};
/* End XCConfigurationList section */

/* Begin XCVersionGroup section */
		24D4086B26A8954900D04668 /* BusTicketApp.xcdatamodeld */ = {
			isa = XCVersionGroup;
			children = (
				24D4086C26A8954900D04668 /* BusTicketApp.xcdatamodel */,
			);
			currentVersion = 24D4086C26A8954900D04668 /* BusTicketApp.xcdatamodel */;
			path = BusTicketApp.xcdatamodeld;
			sourceTree = "<group>";
			versionGroupType = wrapper.xcdatamodel;
		};
/* End XCVersionGroup section */
	};
	rootObject = 24D4085726A8954900D04668 /* Project object */;
}
